
Microsoft Visual Studio Solution File, Format Version 12.00
# Visual Studio Version 17
VisualStudioVersion = 17.6.33829.357
MinimumVisualStudioVersion = 10.0.40219.1
Project("{FAE04EC0-301F-11D3-BF4B-00C04F79EFBC}") = "GreetingSender", "GreetingSender\GreetingSender.csproj", "{1FC5178E-D507-4C90-8B80-14CF42F84924}"
EndProject
Global
	GlobalSection(SolutionConfigurationPlatforms) = preSolution
		Debug|Any CPU = Debug|Any CPU
		Release|Any CPU = Release|Any CPU
	EndGlobalSection
	GlobalSection(ProjectConfigurationPlatforms) = postSolution
		{1FC5178E-D507-4C90-8B80-14CF42F84924}.Debug|Any CPU.ActiveCfg = Debug|Any CPU
		{1FC5178E-D507-4C90-8B80-14CF42F84924}.Debug|Any CPU.Build.0 = Debug|Any CPU
		{1FC5178E-D507-4C90-8B80-14CF42F84924}.Release|Any CPU.ActiveCfg = Release|Any CPU
		{1FC5178E-D507-4C90-8B80-14CF42F84924}.Release|Any CPU.Build.0 = Release|Any CPU
	EndGlobalSection
	GlobalSection(SolutionProperties) = preSolution
		HideSolutionNode = FALSE
	EndGlobalSection
	GlobalSection(ExtensibilityGlobals) = postSolution
		SolutionGuid = {18267B3C-4A3F-40F3-8AD2-F33DB8CF0BA4}
	EndGlobalSection
EndGlobal
